{
    "_readme": [
        "This file locks the dependencies of your project to a known state",
        "Read more about it at https://getcomposer.org/doc/01-basic-usage.md#composer-lock-the-lock-file",
        "This file is @generated automatically"
    ],
    "hash": "68b18b32c6607f9fb75c4fad1f491891",
    "packages": [
        {
            "name": "akamai-open/edgegrid-client",
            "version": "dev-rewrite",
            "source": {
                "type": "git",
                "url": "/Users/dshafik/src/akamai-open/edgegrid-auth-php",
                "reference": "bb4cbbceffef5a8a30a9f3896e2c93215ffdd81a"
            },
            "require": {
                "guzzlehttp/guzzle": "~6.0",
                "php": ">=5.5"
            },
            "require-dev": {
                "phploc/phploc": "^2.1",
                "phpunit/phpunit": "~4.7",
                "theseer/phpdox": "~0.8"
            },
            "type": "library",
            "autoload": {
                "psr-4": {
                    "Akamai\\Open\\EdgeGrid\\": "src/"
                }
            },
            "autoload-dev": {
                "psr-4": {
                    "GuzzleHttp\\Tests\\": "vendor/guzzlehttp/guzzle/tests"
                }
            },
            "license": [
                "Apache-2.0"
            ],
            "authors": [
                {
                    "name": "Davey Shafik",
                    "email": "dshafik@akamai.com"
                }
            ],
            "description": "Implements the Akamai {OPEN} EdgeGrid Authentication specified by https://developer.akamai.com/introduction/Client_Auth.html",
            "homepage": "https://github.com/akamai-open/edgegrid-auth-php",
            "keywords": [
                "akamai",
                "edgegrid",
                "open"
            ],
            "time": "2015-07-13 06:45:56"
        },
        {
            "name": "aura/cli",
            "version": "2.1.1",
            "source": {
                "type": "git",
                "url": "https://github.com/auraphp/Aura.Cli.git",
                "reference": "b550cd79beff793ec5feeea248ccd4ba537c8603"
            },
            "dist": {
                "type": "zip",
                "url": "https://api.github.com/repos/auraphp/Aura.Cli/zipball/b550cd79beff793ec5feeea248ccd4ba537c8603",
                "reference": "b550cd79beff793ec5feeea248ccd4ba537c8603",
                "shasum": ""
            },
            "require": {
                "php": ">=5.3.0"
            },
            "require-dev": {
                "aura/di": "~2.0"
            },
            "type": "library",
            "extra": {
                "aura": {
                    "type": "library",
                    "config": {
                        "common": "Aura\\Cli\\_Config\\Common"
                    }
                },
                "branch-alias": {
                    "dev-develop-2": "2.0.x-dev"
                }
            },
            "autoload": {
                "psr-4": {
                    "Aura\\Cli\\": "src/",
                    "Aura\\Cli\\_Config\\": "config/"
                }
            },
            "notification-url": "https://packagist.org/downloads/",
            "license": [
                "BSD-2-Clause"
            ],
            "authors": [
                {
                    "name": "Aura.Cli Contributors",
                    "homepage": "https://github.com/auraphp/Aura.Cli/contributors"
                }
            ],
            "description": "Provides the equivalent of request (Context) and response (Stdio) classes for a command line environment, including Getopt support.",
            "homepage": "https://github.com/auraphp/Aura.Cli",
            "keywords": [
                "cli",
                "command",
                "command line",
                "getopt",
                "options",
                "stdio"
            ],
            "time": "2015-03-27 17:23:08"
        },
        {
            "name": "guzzlehttp/guzzle",
            "version": "6.0.2",
            "source": {
                "type": "git",
                "url": "https://github.com/guzzle/guzzle.git",
                "reference": "a8dfeff00eb84616a17fea7a4d72af35e750410f"
            },
            "dist": {
                "type": "zip",
                "url": "https://api.github.com/repos/guzzle/guzzle/zipball/a8dfeff00eb84616a17fea7a4d72af35e750410f",
                "reference": "a8dfeff00eb84616a17fea7a4d72af35e750410f",
                "shasum": ""
            },
            "require": {
                "guzzlehttp/promises": "~1.0",
                "guzzlehttp/psr7": "~1.1",
                "php": ">=5.5.0"
            },
            "require-dev": {
                "ext-curl": "*",
                "phpunit/phpunit": "~4.0",
                "psr/log": "~1.0"
            },
            "type": "library",
            "extra": {
                "branch-alias": {
                    "dev-master": "6.0-dev"
                }
            },
            "autoload": {
                "files": [
                    "src/functions_include.php"
                ],
                "psr-4": {
                    "GuzzleHttp\\": "src/"
                }
            },
            "notification-url": "https://packagist.org/downloads/",
            "license": [
                "MIT"
            ],
            "authors": [
                {
                    "name": "Michael Dowling",
                    "email": "mtdowling@gmail.com",
                    "homepage": "https://github.com/mtdowling"
                }
            ],
            "description": "Guzzle is a PHP HTTP client library",
            "homepage": "http://guzzlephp.org/",
            "keywords": [
                "client",
                "curl",
                "framework",
                "http",
                "http client",
                "rest",
                "web service"
            ],
            "time": "2015-07-04 20:09:24"
        },
        {
            "name": "guzzlehttp/promises",
            "version": "1.0.1",
            "source": {
                "type": "git",
                "url": "https://github.com/guzzle/promises.git",
                "reference": "2ee5bc7f1a92efecc90da7f6711a53a7be26b5b7"
            },
            "dist": {
                "type": "zip",
                "url": "https://api.github.com/repos/guzzle/promises/zipball/2ee5bc7f1a92efecc90da7f6711a53a7be26b5b7",
                "reference": "2ee5bc7f1a92efecc90da7f6711a53a7be26b5b7",
                "shasum": ""
            },
            "require": {
                "php": ">=5.5.0"
            },
            "require-dev": {
                "phpunit/phpunit": "~4.0"
            },
            "type": "library",
            "extra": {
                "branch-alias": {
                    "dev-master": "1.0-dev"
                }
            },
            "autoload": {
                "psr-4": {
                    "GuzzleHttp\\Promise\\": "src/"
                },
                "files": [
                    "src/functions.php"
                ]
            },
            "notification-url": "https://packagist.org/downloads/",
            "license": [
                "MIT"
            ],
            "authors": [
                {
                    "name": "Michael Dowling",
                    "email": "mtdowling@gmail.com",
                    "homepage": "https://github.com/mtdowling"
                }
            ],
            "description": "Guzzle promises library",
            "keywords": [
                "promise"
            ],
            "time": "2015-06-24 16:16:25"
        },
        {
            "name": "guzzlehttp/psr7",
            "version": "1.1.0",
            "source": {
                "type": "git",
                "url": "https://github.com/guzzle/psr7.git",
                "reference": "af0e1758de355eb113917ad79c3c0e3604bce4bd"
            },
            "dist": {
                "type": "zip",
                "url": "https://api.github.com/repos/guzzle/psr7/zipball/af0e1758de355eb113917ad79c3c0e3604bce4bd",
                "reference": "af0e1758de355eb113917ad79c3c0e3604bce4bd",
                "shasum": ""
            },
            "require": {
                "php": ">=5.4.0",
                "psr/http-message": "~1.0"
            },
            "provide": {
                "psr/http-message-implementation": "1.0"
            },
            "require-dev": {
                "phpunit/phpunit": "~4.0"
            },
            "type": "library",
            "extra": {
                "branch-alias": {
                    "dev-master": "1.0-dev"
                }
            },
            "autoload": {
                "psr-4": {
                    "GuzzleHttp\\Psr7\\": "src/"
                },
                "files": [
                    "src/functions.php"
                ]
            },
            "notification-url": "https://packagist.org/downloads/",
            "license": [
                "MIT"
            ],
            "authors": [
                {
                    "name": "Michael Dowling",
                    "email": "mtdowling@gmail.com",
                    "homepage": "https://github.com/mtdowling"
                }
            ],
            "description": "PSR-7 message implementation",
            "keywords": [
                "http",
                "message",
                "stream",
                "uri"
            ],
            "time": "2015-06-24 19:55:15"
        },
        {
            "name": "psr/http-message",
            "version": "1.0",
            "source": {
                "type": "git",
                "url": "https://github.com/php-fig/http-message.git",
                "reference": "85d63699f0dbedb190bbd4b0d2b9dc707ea4c298"
            },
            "dist": {
                "type": "zip",
                "url": "https://api.github.com/repos/php-fig/http-message/zipball/85d63699f0dbedb190bbd4b0d2b9dc707ea4c298",
                "reference": "85d63699f0dbedb190bbd4b0d2b9dc707ea4c298",
                "shasum": ""
            },
            "require": {
                "php": ">=5.3.0"
            },
            "type": "library",
            "extra": {
                "branch-alias": {
                    "dev-master": "1.0.x-dev"
                }
            },
            "autoload": {
                "psr-4": {
                    "Psr\\Http\\Message\\": "src/"
                }
            },
            "notification-url": "https://packagist.org/downloads/",
            "license": [
                "MIT"
            ],
            "authors": [
                {
                    "name": "PHP-FIG",
                    "homepage": "http://www.php-fig.org/"
                }
            ],
            "description": "Common interface for HTTP messages",
            "keywords": [
                "http",
                "http-message",
                "psr",
                "psr-7",
                "request",
                "response"
            ],
            "time": "2015-05-04 20:22:00"
        }
    ],
    "packages-dev": [],
    "aliases": [],
    "minimum-stability": "stable",
    "stability-flags": {
        "akamai-open/edgegrid-client": 20
    },
    "prefer-stable": false,
    "prefer-lowest": false,
    "platform": [],
    "platform-dev": []
}
